
Microsoft Visual Studio Solution File, Format Version 12.00
# Visual Studio Version 17
VisualStudioVersion = 17.8.34309.116
MinimumVisualStudioVersion = 10.0.40219.1
Project("{FAE04EC0-301F-11D3-BF4B-00C04F79EFBC}") = "BlogWebApp", "BlogWebApp\BlogWebApp.csproj", "{DC65329F-AF22-4889-A7AE-CC3802D702A6}"
EndProject
Global
	GlobalSection(SolutionConfigurationPlatforms) = preSolution
		Debug|Any CPU = Debug|Any CPU
		Release|Any CPU = Release|Any CPU
	EndGlobalSection
	GlobalSection(ProjectConfigurationPlatforms) = postSolution
		{DC65329F-AF22-4889-A7AE-CC3802D702A6}.Debug|Any CPU.ActiveCfg = Debug|Any CPU
		{DC65329F-AF22-4889-A7AE-CC3802D702A6}.Debug|Any CPU.Build.0 = Debug|Any CPU
		{DC65329F-AF22-4889-A7AE-CC3802D702A6}.Release|Any CPU.ActiveCfg = Release|Any CPU
		{DC65329F-AF22-4889-A7AE-CC3802D702A6}.Release|Any CPU.Build.0 = Release|Any CPU
	EndGlobalSection
	GlobalSection(SolutionProperties) = preSolution
		HideSolutionNode = FALSE
	EndGlobalSection
	GlobalSection(ExtensibilityGlobals) = postSolution
		SolutionGuid = {9A760F25-FD58-43FB-99A2-EDA0872CB0C4}
	EndGlobalSection
EndGlobal
